
Microsoft Visual Studio Solution File, Format Version 11.00
# Visual Studio 2010
Project("{F184B08F-C81C-45F6-A57F-5ABD9991F28F}") = "Spamers", "Spamers\Spamers.vbproj", "{53206D0F-CA29-4157-9594-20CA861202FD}"
EndProject
Global
	GlobalSection(SolutionConfigurationPlatforms) = preSolution
		Debug|x86 = Debug|x86
		Release|x86 = Release|x86
	EndGlobalSection
	GlobalSection(ProjectConfigurationPlatforms) = postSolution
		{53206D0F-CA29-4157-9594-20CA861202FD}.Debug|x86.ActiveCfg = Debug|x86
		{53206D0F-CA29-4157-9594-20CA861202FD}.Debug|x86.Build.0 = Debug|x86
		{53206D0F-CA29-4157-9594-20CA861202FD}.Release|x86.ActiveCfg = Release|x86
		{53206D0F-CA29-4157-9594-20CA861202FD}.Release|x86.Build.0 = Release|x86
	EndGlobalSection
	GlobalSection(SolutionProperties) = preSolution
		HideSolutionNode = FALSE
	EndGlobalSection
EndGlobal
